
Microsoft Visual Studio Solution File, Format Version 12.00
# Visual Studio Version 17
VisualStudioVersion = 17.11.35125.118
MinimumVisualStudioVersion = 10.0.40219.1
Project("{2150E333-8FDC-42A3-9474-1A3956D46DE8}") = "_1HereisWhatHidesinEveryCsharpRecord", "_1HereisWhatHidesinEveryCsharpRecord", "{7AA54A83-105D-482D-A0C1-79BEA32BAD0D}"
EndProject
Project("{9A19103F-16F7-4668-BE54-9A1E7A4F7556}") = "RecordDemo", "HereisWhatHidesinEveryCsharpRecord\RecordDemo\RecordDemo.csproj", "{46696A5B-EE3C-416F-A8A2-FF744ECC0E58}"
EndProject
Project("{2150E333-8FDC-42A3-9474-1A3956D46DE8}") = "_2CovarianceandContravariance", "_2CovarianceandContravariance", "{8699CB1B-3887-45AB-AA11-50C837CBA7A3}"
EndProject
Project("{9A19103F-16F7-4668-BE54-9A1E7A4F7556}") = "Covariance_Contravariance", "CovarianceandContravariance\Covariance_Contravariance\Covariance_Contravariance.csproj", "{FD5CE366-215E-47F0-B3CA-7145F709715C}"
EndProject
Project("{2150E333-8FDC-42A3-9474-1A3956D46DE8}") = "_3ConstructingComplexLINQExpression", "_3ConstructingComplexLINQExpression", "{324CD128-117B-41EA-B159-D52AD93559D9}"
EndProject
Project("{9A19103F-16F7-4668-BE54-9A1E7A4F7556}") = "ConstructingComplexLINQEX", "ConstructingComplexLINQExpression\ConstructingComplexLINQEX\ConstructingComplexLINQEX.csproj", "{B32244C0-D4DE-4168-8563-17DEBB61F8A7}"
EndProject
Project("{2150E333-8FDC-42A3-9474-1A3956D46DE8}") = "_4DecomposingComplexLINQExpression", "_4DecomposingComplexLINQExpression", "{008D7C9D-978B-449E-86EA-90455E0D31B4}"
EndProject
Project("{9A19103F-16F7-4668-BE54-9A1E7A4F7556}") = "DecomposingComplexLINQEX", "DecomposingComplexLINQExpression\DecomposingComplexLINQEX\DecomposingComplexLINQEX.csproj", "{EF3A2240-F8D8-4B40-984A-FDCFB8FD54A0}"
EndProject
Project("{2150E333-8FDC-42A3-9474-1A3956D46DE8}") = "_5NondestructiveMutationandRecords", "_5NondestructiveMutationandRecords", "{21DF6789-D350-4CC9-81A8-3B009470B740}"
EndProject
Project("{FAE04EC0-301F-11D3-BF4B-00C04F79EFBC}") = "NondestructiveMutationandRecords", "NondestructiveMutationandRecords\NondestructiveMutationandRecords\NondestructiveMutationandRecords.csproj", "{D8777A07-35B8-4475-9178-19043FC80115}"
EndProject
Project("{2150E333-8FDC-42A3-9474-1A3956D46DE8}") = "_6WhatMakesListSoEfficient", "_6WhatMakesListSoEfficient", "{04D879BD-1D81-43A9-98D3-24B9040B11B5}"
EndProject
Project("{FAE04EC0-301F-11D3-BF4B-00C04F79EFBC}") = "WhatMakesListSoEfficient", "WhatMakesListSoEfficient\WhatMakesListSoEfficient\WhatMakesListSoEfficient.csproj", "{BD4907DB-F172-4129-B722-017CF84F95FB}"
EndProject
Project("{2150E333-8FDC-42A3-9474-1A3956D46DE8}") = "_8HowDoVirtualFunctionsWork", "_8HowDoVirtualFunctionsWork", "{BABE7A3C-ABE9-44E8-80B3-8DB2B58B0F55}"
EndProject
Project("{FAE04EC0-301F-11D3-BF4B-00C04F79EFBC}") = "HowDoVirtualFunctionsWork", "HowDoVirtualFunctionsWork\HowDoVirtualFunctionsWork\HowDoVirtualFunctionsWork.csproj", "{9DFDA4CD-24F2-4677-AB26-E6B4BB50E9E1}"
EndProject
Global
	GlobalSection(SolutionConfigurationPlatforms) = preSolution
		Debug|Any CPU = Debug|Any CPU
		Release|Any CPU = Release|Any CPU
	EndGlobalSection
	GlobalSection(ProjectConfigurationPlatforms) = postSolution
		{46696A5B-EE3C-416F-A8A2-FF744ECC0E58}.Debug|Any CPU.ActiveCfg = Debug|Any CPU
		{46696A5B-EE3C-416F-A8A2-FF744ECC0E58}.Debug|Any CPU.Build.0 = Debug|Any CPU
		{46696A5B-EE3C-416F-A8A2-FF744ECC0E58}.Release|Any CPU.ActiveCfg = Release|Any CPU
		{46696A5B-EE3C-416F-A8A2-FF744ECC0E58}.Release|Any CPU.Build.0 = Release|Any CPU
		{FD5CE366-215E-47F0-B3CA-7145F709715C}.Debug|Any CPU.ActiveCfg = Debug|Any CPU
		{FD5CE366-215E-47F0-B3CA-7145F709715C}.Debug|Any CPU.Build.0 = Debug|Any CPU
		{FD5CE366-215E-47F0-B3CA-7145F709715C}.Release|Any CPU.ActiveCfg = Release|Any CPU
		{FD5CE366-215E-47F0-B3CA-7145F709715C}.Release|Any CPU.Build.0 = Release|Any CPU
		{B32244C0-D4DE-4168-8563-17DEBB61F8A7}.Debug|Any CPU.ActiveCfg = Debug|Any CPU
		{B32244C0-D4DE-4168-8563-17DEBB61F8A7}.Debug|Any CPU.Build.0 = Debug|Any CPU
		{B32244C0-D4DE-4168-8563-17DEBB61F8A7}.Release|Any CPU.ActiveCfg = Release|Any CPU
		{B32244C0-D4DE-4168-8563-17DEBB61F8A7}.Release|Any CPU.Build.0 = Release|Any CPU
		{EF3A2240-F8D8-4B40-984A-FDCFB8FD54A0}.Debug|Any CPU.ActiveCfg = Debug|Any CPU
		{EF3A2240-F8D8-4B40-984A-FDCFB8FD54A0}.Debug|Any CPU.Build.0 = Debug|Any CPU
		{EF3A2240-F8D8-4B40-984A-FDCFB8FD54A0}.Release|Any CPU.ActiveCfg = Release|Any CPU
		{EF3A2240-F8D8-4B40-984A-FDCFB8FD54A0}.Release|Any CPU.Build.0 = Release|Any CPU
		{D8777A07-35B8-4475-9178-19043FC80115}.Debug|Any CPU.ActiveCfg = Debug|Any CPU
		{D8777A07-35B8-4475-9178-19043FC80115}.Debug|Any CPU.Build.0 = Debug|Any CPU
		{D8777A07-35B8-4475-9178-19043FC80115}.Release|Any CPU.ActiveCfg = Release|Any CPU
		{D8777A07-35B8-4475-9178-19043FC80115}.Release|Any CPU.Build.0 = Release|Any CPU
		{BD4907DB-F172-4129-B722-017CF84F95FB}.Debug|Any CPU.ActiveCfg = Debug|Any CPU
		{BD4907DB-F172-4129-B722-017CF84F95FB}.Debug|Any CPU.Build.0 = Debug|Any CPU
		{BD4907DB-F172-4129-B722-017CF84F95FB}.Release|Any CPU.ActiveCfg = Release|Any CPU
		{BD4907DB-F172-4129-B722-017CF84F95FB}.Release|Any CPU.Build.0 = Release|Any CPU
		{9DFDA4CD-24F2-4677-AB26-E6B4BB50E9E1}.Debug|Any CPU.ActiveCfg = Debug|Any CPU
		{9DFDA4CD-24F2-4677-AB26-E6B4BB50E9E1}.Debug|Any CPU.Build.0 = Debug|Any CPU
		{9DFDA4CD-24F2-4677-AB26-E6B4BB50E9E1}.Release|Any CPU.ActiveCfg = Release|Any CPU
		{9DFDA4CD-24F2-4677-AB26-E6B4BB50E9E1}.Release|Any CPU.Build.0 = Release|Any CPU
	EndGlobalSection
	GlobalSection(SolutionProperties) = preSolution
		HideSolutionNode = FALSE
	EndGlobalSection
	GlobalSection(NestedProjects) = preSolution
		{46696A5B-EE3C-416F-A8A2-FF744ECC0E58} = {7AA54A83-105D-482D-A0C1-79BEA32BAD0D}
		{FD5CE366-215E-47F0-B3CA-7145F709715C} = {8699CB1B-3887-45AB-AA11-50C837CBA7A3}
		{B32244C0-D4DE-4168-8563-17DEBB61F8A7} = {324CD128-117B-41EA-B159-D52AD93559D9}
		{EF3A2240-F8D8-4B40-984A-FDCFB8FD54A0} = {008D7C9D-978B-449E-86EA-90455E0D31B4}
		{D8777A07-35B8-4475-9178-19043FC80115} = {21DF6789-D350-4CC9-81A8-3B009470B740}
		{BD4907DB-F172-4129-B722-017CF84F95FB} = {04D879BD-1D81-43A9-98D3-24B9040B11B5}
		{9DFDA4CD-24F2-4677-AB26-E6B4BB50E9E1} = {BABE7A3C-ABE9-44E8-80B3-8DB2B58B0F55}
	EndGlobalSection
	GlobalSection(ExtensibilityGlobals) = postSolution
		SolutionGuid = {DC6EB634-5756-4259-86D8-DAC91092AACB}
	EndGlobalSection
EndGlobal
